// !$*UTF8*$!
{
	archiveVersion = 1;
	classes = {
	};
	objectVersion = 51;
	objects = {

/* Begin PBXBuildFile section */
		D595E59DDA4898C986F21A94 /* Pods_Flix.framework in Frameworks */ = {isa = PBXBuildFile; fileRef = C30E31582FB0B1D81D112BFF /* Pods_Flix.framework */; };
		E2355CA426DD220B0016AEEF /* AppDelegate.swift in Sources */ = {isa = PBXBuildFile; fileRef = E2355CA326DD220B0016AEEF /* AppDelegate.swift */; };
		E2355CA626DD220B0016AEEF /* SceneDelegate.swift in Sources */ = {isa = PBXBuildFile; fileRef = E2355CA526DD220B0016AEEF /* SceneDelegate.swift */; };
		E2355CAB26DD220B0016AEEF /* Main.storyboard in Resources */ = {isa = PBXBuildFile; fileRef = E2355CA926DD220B0016AEEF /* Main.storyboard */; };
		E2355CAD26DD22100016AEEF /* Assets.xcassets in Resources */ = {isa = PBXBuildFile; fileRef = E2355CAC26DD22100016AEEF /* Assets.xcassets */; };
		E2355CB026DD22100016AEEF /* LaunchScreen.storyboard in Resources */ = {isa = PBXBuildFile; fileRef = E2355CAE26DD22100016AEEF /* LaunchScreen.storyboard */; };
		E2355CB826DD22E40016AEEF /* MoviesViewController.swift in Sources */ = {isa = PBXBuildFile; fileRef = E2355CB726DD22E40016AEEF /* MoviesViewController.swift */; };
		E295FEEE26E3B2EB006B6DBE /* MovieCell.swift in Sources */ = {isa = PBXBuildFile; fileRef = E295FEED26E3B2EB006B6DBE /* MovieCell.swift */; };
		E2E360A126F2A6C6006AEC05 /* MovieDetailsViewController.swift in Sources */ = {isa = PBXBuildFile; fileRef = E2E360A026F2A6C6006AEC05 /* MovieDetailsViewController.swift */; };
		E2E360A326F2B5B9006AEC05 /* MovieGridViewController.swift in Sources */ = {isa = PBXBuildFile; fileRef = E2E360A226F2B5B9006AEC05 /* MovieGridViewController.swift */; };
		E2E360A526F2B98D006AEC05 /* MovieGridCellCollectionViewCell.swift in Sources */ = {isa = PBXBuildFile; fileRef = E2E360A426F2B98D006AEC05 /* MovieGridCellCollectionViewCell.swift */; };
/* End PBXBuildFile section */

/* Begin PBXFileReference section */
		3E0FCA2665D4EBD2D9A78F74 /* Pods-Flix.release.xcconfig */ = {isa = PBXFileReference; includeInIndex = 1; lastKnownFileType = text.xcconfig; name = "Pods-Flix.release.xcconfig"; path = "Target Support Files/Pods-Flix/Pods-Flix.release.xcconfig"; sourceTree = "<group>"; };
		B744FEB8E4BCBC79E1A4DC23 /* Pods-Flix.debug.xcconfig */ = {isa = PBXFileReference; includeInIndex = 1; lastKnownFileType = text.xcconfig; name = "Pods-Flix.debug.xcconfig"; path = "Target Support Files/Pods-Flix/Pods-Flix.debug.xcconfig"; sourceTree = "<group>"; };
		C30E31582FB0B1D81D112BFF /* Pods_Flix.framework */ = {isa = PBXFileReference; explicitFileType = wrapper.framework; includeInIndex = 0; path = Pods_Flix.framework; sourceTree = BUILT_PRODUCTS_DIR; };
		E2355CA026DD220B0016AEEF /* Flix.app */ = {isa = PBXFileReference; explicitFileType = wrapper.application; includeInIndex = 0; path = Flix.app; sourceTree = BUILT_PRODUCTS_DIR; };
		E2355CA326DD220B0016AEEF /* AppDelegate.swift */ = {isa = PBXFileReference; lastKnownFileType = sourcecode.swift; path = AppDelegate.swift; sourceTree = "<group>"; };
		E2355CA526DD220B0016AEEF /* SceneDelegate.swift */ = {isa = PBXFileReference; lastKnownFileType = sourcecode.swift; path = SceneDelegate.swift; sourceTree = "<group>"; };
		E2355CAA26DD220B0016AEEF /* Base */ = {isa = PBXFileReference; lastKnownFileType = file.storyboard; name = Base; path = Base.lproj/Main.storyboard; sourceTree = "<group>"; };
		E2355CAC26DD22100016AEEF /* Assets.xcassets */ = {isa = PBXFileReference; lastKnownFileType = folder.assetcatalog; path = Assets.xcassets; sourceTree = "<group>"; };
		E2355CAF26DD22100016AEEF /* Base */ = {isa = PBXFileReference; lastKnownFileType = file.storyboard; name = Base; path = Base.lproj/LaunchScreen.storyboard; sourceTree = "<group>"; };
		E2355CB126DD22100016AEEF /* Info.plist */ = {isa = PBXFileReference; lastKnownFileType = text.plist.xml; path = Info.plist; sourceTree = "<group>"; };
		E2355CB726DD22E40016AEEF /* MoviesViewController.swift */ = {isa = PBXFileReference; lastKnownFileType = sourcecode.swift; path = MoviesViewController.swift; sourceTree = "<group>"; };
		E295FEED26E3B2EB006B6DBE /* MovieCell.swift */ = {isa = PBXFileReference; lastKnownFileType = sourcecode.swift; path = MovieCell.swift; sourceTree = "<group>"; };
		E2E360A026F2A6C6006AEC05 /* MovieDetailsViewController.swift */ = {isa = PBXFileReference; lastKnownFileType = sourcecode.swift; path = MovieDetailsViewController.swift; sourceTree = "<group>"; };
		E2E360A226F2B5B9006AEC05 /* MovieGridViewController.swift */ = {isa = PBXFileReference; lastKnownFileType = sourcecode.swift; path = MovieGridViewController.swift; sourceTree = "<group>"; };
		E2E360A426F2B98D006AEC05 /* MovieGridCellCollectionViewCell.swift */ = {isa = PBXFileReference; lastKnownFileType = sourcecode.swift; path = MovieGridCellCollectionViewCell.swift; sourceTree = "<group>"; };
/* End PBXFileReference section */

/* Begin PBXFrameworksBuildPhase section */
		E2355C9D26DD220B0016AEEF /* Frameworks */ = {
			isa = PBXFrameworksBuildPhase;
			buildActionMask = 2147483647;
			files = (
				D595E59DDA4898C986F21A94 /* Pods_Flix.framework in Frameworks */,
			);
			runOnlyForDeploymentPostprocessing = 0;
		};
/* End PBXFrameworksBuildPhase section */

/* Begin PBXGroup section */
		E2355C9726DD220B0016AEEF = {
			isa = PBXGroup;
			children = (
				E2355CA226DD220B0016AEEF /* Flix */,
				E2355CA126DD220B0016AEEF /* Products */,
				FC151A9EC27C7DCF6E30DD1C /* Pods */,
				EFCB3D722FF86EFB7449EE00 /* Frameworks */,
			);
			sourceTree = "<group>";
		};
		E2355CA126DD220B0016AEEF /* Products */ = {
			isa = PBXGroup;
			children = (
				E2355CA026DD220B0016AEEF /* Flix.app */,
			);
			name = Products;
			sourceTree = "<group>";
		};
		E2355CA226DD220B0016AEEF /* Flix */ = {
			isa = PBXGroup;
			children = (
				E2355CA326DD220B0016AEEF /* AppDelegate.swift */,
				E2355CA526DD220B0016AEEF /* SceneDelegate.swift */,
				E2355CA926DD220B0016AEEF /* Main.storyboard */,
				E2355CAC26DD22100016AEEF /* Assets.xcassets */,
				E2355CAE26DD22100016AEEF /* LaunchScreen.storyboard */,
				E2355CB126DD22100016AEEF /* Info.plist */,
				E2355CB726DD22E40016AEEF /* MoviesViewController.swift */,
				E295FEED26E3B2EB006B6DBE /* MovieCell.swift */,
				E2E360A026F2A6C6006AEC05 /* MovieDetailsViewController.swift */,
				E2E360A226F2B5B9006AEC05 /* MovieGridViewController.swift */,
				E2E360A426F2B98D006AEC05 /* MovieGridCellCollectionViewCell.swift */,
			);
			path = Flix;
			sourceTree = "<group>";
		};
		EFCB3D722FF86EFB7449EE00 /* Frameworks */ = {
			isa = PBXGroup;
			children = (
				C30E31582FB0B1D81D112BFF /* Pods_Flix.framework */,
			);
			name = Frameworks;
			sourceTree = "<group>";
		};
		FC151A9EC27C7DCF6E30DD1C /* Pods */ = {
			isa = PBXGroup;
			children = (
				B744FEB8E4BCBC79E1A4DC23 /* Pods-Flix.debug.xcconfig */,
				3E0FCA2665D4EBD2D9A78F74 /* Pods-Flix.release.xcconfig */,
			);
			path = Pods;
			sourceTree = "<group>";
		};
/* End PBXGroup section */

/* Begin PBXNativeTarget section */
		E2355C9F26DD220B0016AEEF /* Flix */ = {
			isa = PBXNativeTarget;
			buildConfigurationList = E2355CB426DD22100016AEEF /* Build configuration list for PBXNativeTarget "Flix" */;
			buildPhases = (
				7AF0A9C9C4D5EA895DA72DE8 /* [CP] Check Pods Manifest.lock */,
				E2355C9C26DD220B0016AEEF /* Sources */,
				E2355C9D26DD220B0016AEEF /* Frameworks */,
				E2355C9E26DD220B0016AEEF /* Resources */,
				CFD7860CB44092EEB7F11F7D /* [CP] Embed Pods Frameworks */,
			);
			buildRules = (
			);
			dependencies = (
			);
			name = Flix;
			productName = Flix;
			productReference = E2355CA026DD220B0016AEEF /* Flix.app */;
			productType = "com.apple.product-type.application";
		};
/* End PBXNativeTarget section */

/* Begin PBXProject section */
		E2355C9826DD220B0016AEEF /* Project object */ = {
			isa = PBXProject;
			attributes = {
				LastSwiftUpdateCheck = 1250;
				LastUpgradeCheck = 1250;
				TargetAttributes = {
					E2355C9F26DD220B0016AEEF = {
						CreatedOnToolsVersion = 12.5.1;
					};
				};
			};
			buildConfigurationList = E2355C9B26DD220B0016AEEF /* Build configuration list for PBXProject "Flix" */;
			compatibilityVersion = "Xcode 9.3";
			developmentRegion = en;
			hasScannedForEncodings = 0;
			knownRegions = (
				en,
				Base,
			);
			mainGroup = E2355C9726DD220B0016AEEF;
			productRefGroup = E2355CA126DD220B0016AEEF /* Products */;
			projectDirPath = "";
			projectRoot = "";
			targets = (
				E2355C9F26DD220B0016AEEF /* Flix */,
			);
		};
/* End PBXProject section */

/* Begin PBXResourcesBuildPhase section */
		E2355C9E26DD220B0016AEEF /* Resources */ = {
			isa = PBXResourcesBuildPhase;
			buildActionMask = 2147483647;
			files = (
				E2355CB026DD22100016AEEF /* LaunchScreen.storyboard in Resources */,
				E2355CAD26DD22100016AEEF /* Assets.xcassets in Resources */,
				E2355CAB26DD220B0016AEEF /* Main.storyboard in Resources */,
			);
			runOnlyForDeploymentPostprocessing = 0;
		};
/* End PBXResourcesBuildPhase section */

/* Begin PBXShellScriptBuildPhase section */
		7AF0A9C9C4D5EA895DA72DE8 /* [CP] Check Pods Manifest.lock */ = {
			isa = PBXShellScriptBuildPhase;
			buildActionMask = 2147483647;
			files = (
			);
			inputFileListPaths = (
			);
			inputPaths = (
				"${PODS_PODFILE_DIR_PATH}/Podfile.lock",
				"${PODS_ROOT}/Manifest.lock",
			);
			name = "[CP] Check Pods Manifest.lock";
			outputFileListPaths = (
			);
			outputPaths = (
				"$(DERIVED_FILE_DIR)/Pods-Flix-checkManifestLockResult.txt",
			);
			runOnlyForDeploymentPostprocessing = 0;
			shellPath = /bin/sh;
			shellScript = "diff \"${PODS_PODFILE_DIR_PATH}/Podfile.lock\" \"${PODS_ROOT}/Manifest.lock\" > /dev/null\nif [ $? != 0 ] ; then\n    # print error to STDERR\n    echo \"error: The sandbox is not in sync with the Podfile.lock. Run 'pod install' or update your CocoaPods installation.\" >&2\n    exit 1\nfi\n# This output is used by Xcode 'outputs' to avoid re-running this script phase.\necho \"SUCCESS\" > \"${SCRIPT_OUTPUT_FILE_0}\"\n";
			showEnvVarsInLog = 0;
		};
		CFD7860CB44092EEB7F11F7D /* [CP] Embed Pods Frameworks */ = {
			isa = PBXShellScriptBuildPhase;
			buildActionMask = 2147483647;
			files = (
			);
			inputFileListPaths = (
				"${PODS_ROOT}/Target Support Files/Pods-Flix/Pods-Flix-frameworks-${CONFIGURATION}-input-files.xcfilelist",
			);
			name = "[CP] Embed Pods Frameworks";
			outputFileListPaths = (
				"${PODS_ROOT}/Target Support Files/Pods-Flix/Pods-Flix-frameworks-${CONFIGURATION}-output-files.xcfilelist",
			);
			runOnlyForDeploymentPostprocessing = 0;
			shellPath = /bin/sh;
			shellScript = "\"${PODS_ROOT}/Target Support Files/Pods-Flix/Pods-Flix-frameworks.sh\"\n";
			showEnvVarsInLog = 0;
		};
/* End PBXShellScriptBuildPhase section */

/* Begin PBXSourcesBuildPhase section */
		E2355C9C26DD220B0016AEEF /* Sources */ = {
			isa = PBXSourcesBuildPhase;
			buildActionMask = 2147483647;
			files = (
				E2E360A126F2A6C6006AEC05 /* MovieDetailsViewController.swift in Sources */,
				E2355CA426DD220B0016AEEF /* AppDelegate.swift in Sources */,
				E2355CA626DD220B0016AEEF /* SceneDelegate.swift in Sources */,
				E295FEEE26E3B2EB006B6DBE /* MovieCell.swift in Sources */,
				E2355CB826DD22E40016AEEF /* MoviesViewController.swift in Sources */,
				E2E360A326F2B5B9006AEC05 /* MovieGridViewController.swift in Sources */,
				E2E360A526F2B98D006AEC05 /* MovieGridCellCollectionViewCell.swift in Sources */,
			);
			runOnlyForDeploymentPostprocessing = 0;
		};
/* End PBXSourcesBuildPhase section */

/* Begin PBXVariantGroup section */
		E2355CA926DD220B0016AEEF /* Main.storyboard */ = {
			isa = PBXVariantGroup;
			children = (
				E2355CAA26DD220B0016AEEF /* Base */,
			);
			name = Main.storyboard;
			sourceTree = "<group>";
		};
		E2355CAE26DD22100016AEEF /* LaunchScreen.storyboard */ = {
			isa = PBXVariantGroup;
			children = (
				E2355CAF26DD22100016AEEF /* Base */,
			);
			name = LaunchScreen.storyboard;
			sourceTree = "<group>";
		};
/* End PBXVariantGroup section */

/* Begin XCBuildConfiguration section */
		E2355CB226DD22100016AEEF /* Debug */ = {
			isa = XCBuildConfiguration;
			buildSettings = {
				ALWAYS_SEARCH_USER_PATHS = NO;
				CLANG_ANALYZER_NONNULL = YES;
				CLANG_ANALYZER_NUMBER_OBJECT_CONVERSION = YES_AGGRESSIVE;
				CLANG_CXX_LANGUAGE_STANDARD = "gnu++14";
				CLANG_CXX_LIBRARY = "libc++";
				CLANG_ENABLE_MODULES = YES;
				CLANG_ENABLE_OBJC_ARC = YES;
				CLANG_ENABLE_OBJC_WEAK = YES;
				CLANG_WARN_BLOCK_CAPTURE_AUTORELEASING = YES;
				CLANG_WARN_BOOL_CONVERSION = YES;
				CLANG_WARN_COMMA = YES;
				CLANG_WARN_CONSTANT_CONVERSION = YES;
				CLANG_WARN_DEPRECATED_OBJC_IMPLEMENTATIONS = YES;
				CLANG_WARN_DIRECT_OBJC_ISA_USAGE = YES_ERROR;
				CLANG_WARN_DOCUMENTATION_COMMENTS = YES;
				CLANG_WARN_EMPTY_BODY = YES;
				CLANG_WARN_ENUM_CONVERSION = YES;
				CLANG_WARN_INFINITE_RECURSION = YES;
				CLANG_WARN_INT_CONVERSION = YES;
				CLANG_WARN_NON_LITERAL_NULL_CONVERSION = YES;
				CLANG_WARN_OBJC_IMPLICIT_RETAIN_SELF = YES;
				CLANG_WARN_OBJC_LITERAL_CONVERSION = YES;
				CLANG_WARN_OBJC_ROOT_CLASS = YES_ERROR;
				CLANG_WARN_QUOTED_INCLUDE_IN_FRAMEWORK_HEADER = YES;
				CLANG_WARN_RANGE_LOOP_ANALYSIS = YES;
				CLANG_WARN_STRICT_PROTOTYPES = YES;
				CLANG_WARN_SUSPICIOUS_MOVE = YES;
				CLANG_WARN_UNGUARDED_AVAILABILITY = YES_AGGRESSIVE;
				CLANG_WARN_UNREACHABLE_CODE = YES;
				CLANG_WARN__DUPLICATE_METHOD_MATCH = YES;
				COPY_PHASE_STRIP = NO;
				DEBUG_INFORMATION_FORMAT = dwarf;
				ENABLE_STRICT_OBJC_MSGSEND = YES;
				ENABLE_TESTABILITY = YES;
				GCC_C_LANGUAGE_STANDARD = gnu11;
				GCC_DYNAMIC_NO_PIC = NO;
				GCC_NO_COMMON_BLOCKS = YES;
				GCC_OPTIMIZATION_LEVEL = 0;
				GCC_PREPROCESSOR_DEFINITIONS = (
					"DEBUG=1",
					"$(inherited)",
				);
				GCC_WARN_64_TO_32_BIT_CONVERSION = YES;
				GCC_WARN_ABOUT_RETURN_TYPE = YES_ERROR;
				GCC_WARN_UNDECLARED_SELECTOR = YES;
				GCC_WARN_UNINITIALIZED_AUTOS = YES_AGGRESSIVE;
				GCC_WARN_UNUSED_FUNCTION = YES;
				GCC_WARN_UNUSED_VARIABLE = YES;
				IPHONEOS_DEPLOYMENT_TARGET = 14.5;
				MTL_ENABLE_DEBUG_INFO = INCLUDE_SOURCE;
				MTL_FAST_MATH = YES;
				ONLY_ACTIVE_ARCH = YES;
				SDKROOT = iphoneos;
				SWIFT_ACTIVE_COMPILATION_CONDITIONS = DEBUG;
				SWIFT_OPTIMIZATION_LEVEL = "-Onone";
			};
			name = Debug;
		};
		E2355CB326DD22100016AEEF /* Release */ = {
			isa = XCBuildConfiguration;
			buildSettings = {
				ALWAYS_SEARCH_USER_PATHS = NO;
				CLANG_ANALYZER_NONNULL = YES;
				CLANG_ANALYZER_NUMBER_OBJECT_CONVERSION = YES_AGGRESSIVE;
				CLANG_CXX_LANGUAGE_STANDARD = "gnu++14";
				CLANG_CXX_LIBRARY = "libc++";
				CLANG_ENABLE_MODULES = YES;
				CLANG_ENABLE_OBJC_ARC = YES;
				CLANG_ENABLE_OBJC_WEAK = YES;
				CLANG_WARN_BLOCK_CAPTURE_AUTORELEASING = YES;
				CLANG_WARN_BOOL_CONVERSION = YES;
				CLANG_WARN_COMMA = YES;
				CLANG_WARN_CONSTANT_CONVERSION = YES;
				CLANG_WARN_DEPRECATED_OBJC_IMPLEMENTATIONS = YES;
				CLANG_WARN_DIRECT_OBJC_ISA_USAGE = YES_ERROR;
				CLANG_WARN_DOCUMENTATION_COMMENTS = YES;
				CLANG_WARN_EMPTY_BODY = YES;
				CLANG_WARN_ENUM_CONVERSION = YES;
				CLANG_WARN_INFINITE_RECURSION = YES;
				CLANG_WARN_INT_CONVERSION = YES;
				CLANG_WARN_NON_LITERAL_NULL_CONVERSION = YES;
				CLANG_WARN_OBJC_IMPLICIT_RETAIN_SELF = YES;
				CLANG_WARN_OBJC_LITERAL_CONVERSION = YES;
				CLANG_WARN_OBJC_ROOT_CLASS = YES_ERROR;
				CLANG_WARN_QUOTED_INCLUDE_IN_FRAMEWORK_HEADER = YES;
				CLANG_WARN_RANGE_LOOP_ANALYSIS = YES;
				CLANG_WARN_STRICT_PROTOTYPES = YES;
				CLANG_WARN_SUSPICIOUS_MOVE = YES;
				CLANG_WARN_UNGUARDED_AVAILABILITY = YES_AGGRESSIVE;
				CLANG_WARN_UNREACHABLE_CODE = YES;
				CLANG_WARN__DUPLICATE_METHOD_MATCH = YES;
				COPY_PHASE_STRIP = NO;
				DEBUG_INFORMATION_FORMAT = "dwarf-with-dsym";
				ENABLE_NS_ASSERTIONS = NO;
				ENABLE_STRICT_OBJC_MSGSEND = YES;
				GCC_C_LANGUAGE_STANDARD = gnu11;
				GCC_NO_COMMON_BLOCKS = YES;
				GCC_WARN_64_TO_32_BIT_CONVERSION = YES;
				GCC_WARN_ABOUT_RETURN_TYPE = YES_ERROR;
				GCC_WARN_UNDECLARED_SELECTOR = YES;
				GCC_WARN_UNINITIALIZED_AUTOS = YES_AGGRESSIVE;
				GCC_WARN_UNUSED_FUNCTION = YES;
				GCC_WARN_UNUSED_VARIABLE = YES;
				IPHONEOS_DEPLOYMENT_TARGET = 14.5;
				MTL_ENABLE_DEBUG_INFO = NO;
				MTL_FAST_MATH = YES;
				SDKROOT = iphoneos;
				SWIFT_COMPILATION_MODE = wholemodule;
				SWIFT_OPTIMIZATION_LEVEL = "-O";
				VALIDATE_PRODUCT = YES;
			};
			name = Release;
		};
		E2355CB526DD22100016AEEF /* Debug */ = {
			isa = XCBuildConfiguration;
			baseConfigurationReference = B744FEB8E4BCBC79E1A4DC23 /* Pods-Flix.debug.xcconfig */;
			buildSettings = {
				ASSETCATALOG_COMPILER_APPICON_NAME = AppIcon;
				ASSETCATALOG_COMPILER_GLOBAL_ACCENT_COLOR_NAME = AccentColor;
				CODE_SIGN_STYLE = Automatic;
				DEVELOPMENT_TEAM = FZX3ULNP9F;
				INFOPLIST_FILE = Flix/Info.plist;
				LD_RUNPATH_SEARCH_PATHS = (
					"$(inherited)",
					"@executable_path/Frameworks",
				);
				PRODUCT_BUNDLE_IDENTIFIER = Ana.Flix;
				PRODUCT_NAME = "$(TARGET_NAME)";
				SWIFT_VERSION = 5.0;
				TARGETED_DEVICE_FAMILY = "1,2";
			};
			name = Debug;
		};
		E2355CB626DD22100016AEEF /* Release */ = {
			isa = XCBuildConfiguration;
			baseConfigurationReference = 3E0FCA2665D4EBD2D9A78F74 /* Pods-Flix.release.xcconfig */;
			buildSettings = {
				ASSETCATALOG_COMPILER_APPICON_NAME = AppIcon;
				ASSETCATALOG_COMPILER_GLOBAL_ACCENT_COLOR_NAME = AccentColor;
				CODE_SIGN_STYLE = Automatic;
				DEVELOPMENT_TEAM = FZX3ULNP9F;
				INFOPLIST_FILE = Flix/Info.plist;
				LD_RUNPATH_SEARCH_PATHS = (
					"$(inherited)",
					"@executable_path/Frameworks",
				);
				PRODUCT_BUNDLE_IDENTIFIER = Ana.Flix;
				PRODUCT_NAME = "$(TARGET_NAME)";
				SWIFT_VERSION = 5.0;
				TARGETED_DEVICE_FAMILY = "1,2";
			};
			name = Release;
		};
/* End XCBuildConfiguration section */

/* Begin XCConfigurationList section */
		E2355C9B26DD220B0016AEEF /* Build configuration list for PBXProject "Flix" */ = {
			isa = XCConfigurationList;
			buildConfigurations = (
				E2355CB226DD22100016AEEF /* Debug */,
				E2355CB326DD22100016AEEF /* Release */,
			);
			defaultConfigurationIsVisible = 0;
			defaultConfigurationName = Release;
		};
		E2355CB426DD22100016AEEF /* Build configuration list for PBXNativeTarget "Flix" */ = {
			isa = XCConfigurationList;
			buildConfigurations = (
				E2355CB526DD22100016AEEF /* Debug */,
				E2355CB626DD22100016AEEF /* Release */,
			);
			defaultConfigurationIsVisible = 0;
			defaultConfigurationName = Release;
		};
/* End XCConfigurationList section */
	};
	rootObject = E2355C9826DD220B0016AEEF /* Project object */;
}
